
Microsoft Visual Studio Solution File, Format Version 12.00
# Visual Studio 15
Project("{FAE04EC0-301F-11D3-BF4B-00C04F79EFBC}") = "Assembly-CSharp", "Assembly-CSharp.csproj", "{EF38B710-17D6-C49A-EED0-17BFBDE5F938}"
EndProject
Project("{FAE04EC0-301F-11D3-BF4B-00C04F79EFBC}") = "Assembly-CSharp-Editor", "Assembly-CSharp-Editor.csproj", "{EAF6B432-2846-C16E-D495-4C893CE2E66E}"
EndProject
Global
	GlobalSection(SolutionConfigurationPlatforms) = preSolution
		Debug|Any CPU = Debug|Any CPU
		Release|Any CPU = Release|Any CPU
	EndGlobalSection
	GlobalSection(ProjectConfigurationPlatforms) = postSolution
		{EF38B710-17D6-C49A-EED0-17BFBDE5F938}.Debug|Any CPU.ActiveCfg = Debug|Any CPU
		{EF38B710-17D6-C49A-EED0-17BFBDE5F938}.Debug|Any CPU.Build.0 = Debug|Any CPU
		{EF38B710-17D6-C49A-EED0-17BFBDE5F938}.Release|Any CPU.ActiveCfg = Release|Any CPU
		{EF38B710-17D6-C49A-EED0-17BFBDE5F938}.Release|Any CPU.Build.0 = Release|Any CPU
		{EAF6B432-2846-C16E-D495-4C893CE2E66E}.Debug|Any CPU.ActiveCfg = Debug|Any CPU
		{EAF6B432-2846-C16E-D495-4C893CE2E66E}.Debug|Any CPU.Build.0 = Debug|Any CPU
		{EAF6B432-2846-C16E-D495-4C893CE2E66E}.Release|Any CPU.ActiveCfg = Release|Any CPU
		{EAF6B432-2846-C16E-D495-4C893CE2E66E}.Release|Any CPU.Build.0 = Release|Any CPU
	EndGlobalSection
	GlobalSection(SolutionProperties) = preSolution
		HideSolutionNode = FALSE
	EndGlobalSection
EndGlobal
